
Microsoft Visual Studio Solution File, Format Version 12.00
# Visual Studio Version 17
VisualStudioVersion = 17.7.34018.315
MinimumVisualStudioVersion = 10.0.40219.1
Project("{888888A0-9F3D-457C-B088-3A5042F75D52}") = "calculator", "calculator\calculator.pyproj", "{3B2CBCA4-8A5C-421E-B839-18987F20AF6E}"
EndProject
Global
	GlobalSection(SolutionConfigurationPlatforms) = preSolution
		Debug|Any CPU = Debug|Any CPU
		Release|Any CPU = Release|Any CPU
	EndGlobalSection
	GlobalSection(ProjectConfigurationPlatforms) = postSolution
		{3B2CBCA4-8A5C-421E-B839-18987F20AF6E}.Debug|Any CPU.ActiveCfg = Debug|Any CPU
		{3B2CBCA4-8A5C-421E-B839-18987F20AF6E}.Release|Any CPU.ActiveCfg = Release|Any CPU
	EndGlobalSection
	GlobalSection(SolutionProperties) = preSolution
		HideSolutionNode = FALSE
	EndGlobalSection
	GlobalSection(ExtensibilityGlobals) = postSolution
		SolutionGuid = {73423A69-D085-4338-865F-7A6FA0D3A006}
	EndGlobalSection
EndGlobal
